// !$*UTF8*$!
{
	archiveVersion = 1;
	classes = {
	};
	objectVersion = 46;
	objects = {

/* Begin PBXBuildFile section */
		48265AB01C9D479500DAED23 /* Category.swift in Sources */ = {isa = PBXBuildFile; fileRef = 48265AAF1C9D479500DAED23 /* Category.swift */; };
		48265AD01C9D577100DAED23 /* CategoryInputViewController.swift in Sources */ = {isa = PBXBuildFile; fileRef = 48265ACF1C9D577100DAED23 /* CategoryInputViewController.swift */; };
		483330D71C9948B900EAFFEC /* AppDelegate.swift in Sources */ = {isa = PBXBuildFile; fileRef = 483330D61C9948B900EAFFEC /* AppDelegate.swift */; };
		483330D91C9948B900EAFFEC /* ViewController.swift in Sources */ = {isa = PBXBuildFile; fileRef = 483330D81C9948B900EAFFEC /* ViewController.swift */; };
		483330DE1C9948B900EAFFEC /* Assets.xcassets in Resources */ = {isa = PBXBuildFile; fileRef = 483330DD1C9948B900EAFFEC /* Assets.xcassets */; };
		483330E11C9948B900EAFFEC /* LaunchScreen.storyboard in Resources */ = {isa = PBXBuildFile; fileRef = 483330DF1C9948B900EAFFEC /* LaunchScreen.storyboard */; };
		489873641C99921600D92D85 /* InputViewController.swift in Sources */ = {isa = PBXBuildFile; fileRef = 489873631C99921600D92D85 /* InputViewController.swift */; };
		489873661C99991500D92D85 /* Task.swift in Sources */ = {isa = PBXBuildFile; fileRef = 489873651C99991500D92D85 /* Task.swift */; };
		489873681C9A699C00D92D85 /* Main.storyboard in Resources */ = {isa = PBXBuildFile; fileRef = 489873671C9A699C00D92D85 /* Main.storyboard */; };
		A6EED6944ADF1FA924C498A1 /* Pods.framework in Frameworks */ = {isa = PBXBuildFile; fileRef = A56434E20CDADBD5DD0AC6D4 /* Pods.framework */; };
/* End PBXBuildFile section */

/* Begin PBXFileReference section */
		14DF2421D06DCE331435759D /* Pods.debug.xcconfig */ = {isa = PBXFileReference; includeInIndex = 1; lastKnownFileType = text.xcconfig; name = Pods.debug.xcconfig; path = "Pods/Target Support Files/Pods/Pods.debug.xcconfig"; sourceTree = "<group>"; };
		48265AAF1C9D479500DAED23 /* Category.swift */ = {isa = PBXFileReference; fileEncoding = 4; lastKnownFileType = sourcecode.swift; path = Category.swift; sourceTree = "<group>"; };
		48265ACF1C9D577100DAED23 /* CategoryInputViewController.swift */ = {isa = PBXFileReference; fileEncoding = 4; lastKnownFileType = sourcecode.swift; path = CategoryInputViewController.swift; sourceTree = "<group>"; };
		483330D31C9948B900EAFFEC /* taskapp.app */ = {isa = PBXFileReference; explicitFileType = wrapper.application; includeInIndex = 0; path = taskapp.app; sourceTree = BUILT_PRODUCTS_DIR; };
		483330D61C9948B900EAFFEC /* AppDelegate.swift */ = {isa = PBXFileReference; lastKnownFileType = sourcecode.swift; path = AppDelegate.swift; sourceTree = "<group>"; };
		483330D81C9948B900EAFFEC /* ViewController.swift */ = {isa = PBXFileReference; lastKnownFileType = sourcecode.swift; path = ViewController.swift; sourceTree = "<group>"; };
		483330DD1C9948B900EAFFEC /* Assets.xcassets */ = {isa = PBXFileReference; lastKnownFileType = folder.assetcatalog; path = Assets.xcassets; sourceTree = "<group>"; };
		483330E01C9948B900EAFFEC /* Base */ = {isa = PBXFileReference; lastKnownFileType = file.storyboard; name = Base; path = Base.lproj/LaunchScreen.storyboard; sourceTree = "<group>"; };
		483330E21C9948B900EAFFEC /* Info.plist */ = {isa = PBXFileReference; lastKnownFileType = text.plist.xml; path = Info.plist; sourceTree = "<group>"; };
		489873631C99921600D92D85 /* InputViewController.swift */ = {isa = PBXFileReference; fileEncoding = 4; lastKnownFileType = sourcecode.swift; path = InputViewController.swift; sourceTree = "<group>"; };
		489873651C99991500D92D85 /* Task.swift */ = {isa = PBXFileReference; fileEncoding = 4; lastKnownFileType = sourcecode.swift; path = Task.swift; sourceTree = "<group>"; };
		489873671C9A699C00D92D85 /* Main.storyboard */ = {isa = PBXFileReference; fileEncoding = 4; lastKnownFileType = file.storyboard; path = Main.storyboard; sourceTree = "<group>"; };
		7A750547C48A22776850E3C0 /* Pods.release.xcconfig */ = {isa = PBXFileReference; includeInIndex = 1; lastKnownFileType = text.xcconfig; name = Pods.release.xcconfig; path = "Pods/Target Support Files/Pods/Pods.release.xcconfig"; sourceTree = "<group>"; };
		A56434E20CDADBD5DD0AC6D4 /* Pods.framework */ = {isa = PBXFileReference; explicitFileType = wrapper.framework; includeInIndex = 0; path = Pods.framework; sourceTree = BUILT_PRODUCTS_DIR; };
/* End PBXFileReference section */

/* Begin PBXFrameworksBuildPhase section */
		483330D01C9948B900EAFFEC /* Frameworks */ = {
			isa = PBXFrameworksBuildPhase;
			buildActionMask = 2147483647;
			files = (
				A6EED6944ADF1FA924C498A1 /* Pods.framework in Frameworks */,
			);
			runOnlyForDeploymentPostprocessing = 0;
		};
/* End PBXFrameworksBuildPhase section */

/* Begin PBXGroup section */
		20460C4B22251CCA1EAE79A0 /* Frameworks */ = {
			isa = PBXGroup;
			children = (
				A56434E20CDADBD5DD0AC6D4 /* Pods.framework */,
			);
			name = Frameworks;
			sourceTree = "<group>";
		};
		4134AEDE0398EC146A6DFCBE /* Pods */ = {
			isa = PBXGroup;
			children = (
				14DF2421D06DCE331435759D /* Pods.debug.xcconfig */,
				7A750547C48A22776850E3C0 /* Pods.release.xcconfig */,
			);
			name = Pods;
			sourceTree = "<group>";
		};
		483330CA1C9948B900EAFFEC = {
			isa = PBXGroup;
			children = (
				483330D51C9948B900EAFFEC /* taskapp */,
				483330D41C9948B900EAFFEC /* Products */,
				4134AEDE0398EC146A6DFCBE /* Pods */,
				20460C4B22251CCA1EAE79A0 /* Frameworks */,
			);
			sourceTree = "<group>";
		};
		483330D41C9948B900EAFFEC /* Products */ = {
			isa = PBXGroup;
			children = (
				483330D31C9948B900EAFFEC /* taskapp.app */,
			);
			name = Products;
			sourceTree = "<group>";
		};
		483330D51C9948B900EAFFEC /* taskapp */ = {
			isa = PBXGroup;
			children = (
				483330D61C9948B900EAFFEC /* AppDelegate.swift */,
				489873671C9A699C00D92D85 /* Main.storyboard */,
				483330D81C9948B900EAFFEC /* ViewController.swift */,
				489873631C99921600D92D85 /* InputViewController.swift */,
				48265ACF1C9D577100DAED23 /* CategoryInputViewController.swift */,
				489873651C99991500D92D85 /* Task.swift */,
				48265AAF1C9D479500DAED23 /* Category.swift */,
				483330DD1C9948B900EAFFEC /* Assets.xcassets */,
				483330DF1C9948B900EAFFEC /* LaunchScreen.storyboard */,
				483330E21C9948B900EAFFEC /* Info.plist */,
			);
			path = taskapp;
			sourceTree = "<group>";
		};
/* End PBXGroup section */

/* Begin PBXNativeTarget section */
		483330D21C9948B900EAFFEC /* taskapp */ = {
			isa = PBXNativeTarget;
			buildConfigurationList = 483330E51C9948B900EAFFEC /* Build configuration list for PBXNativeTarget "taskapp" */;
			buildPhases = (
				9178240D27395627913E84D2 /* Check Pods Manifest.lock */,
				483330CF1C9948B900EAFFEC /* Sources */,
				483330D01C9948B900EAFFEC /* Frameworks */,
				483330D11C9948B900EAFFEC /* Resources */,
				0561825AB2EA3591E877F048 /* Embed Pods Frameworks */,
				7EC9B06A5205F5BCB72C2836 /* Copy Pods Resources */,
			);
			buildRules = (
			);
			dependencies = (
			);
			name = taskapp;
			productName = taskapp;
			productReference = 483330D31C9948B900EAFFEC /* taskapp.app */;
			productType = "com.apple.product-type.application";
		};
/* End PBXNativeTarget section */

/* Begin PBXProject section */
		483330CB1C9948B900EAFFEC /* Project object */ = {
			isa = PBXProject;
			attributes = {
				LastSwiftUpdateCheck = 0720;
				LastUpgradeCheck = 0720;
				ORGANIZATIONNAME = shiiba;
				TargetAttributes = {
					483330D21C9948B900EAFFEC = {
						CreatedOnToolsVersion = 7.2.1;
					};
				};
			};
			buildConfigurationList = 483330CE1C9948B900EAFFEC /* Build configuration list for PBXProject "taskapp" */;
			compatibilityVersion = "Xcode 3.2";
			developmentRegion = English;
			hasScannedForEncodings = 0;
			knownRegions = (
				en,
				Base,
			);
			mainGroup = 483330CA1C9948B900EAFFEC;
			productRefGroup = 483330D41C9948B900EAFFEC /* Products */;
			projectDirPath = "";
			projectRoot = "";
			targets = (
				483330D21C9948B900EAFFEC /* taskapp */,
			);
		};
/* End PBXProject section */

/* Begin PBXResourcesBuildPhase section */
		483330D11C9948B900EAFFEC /* Resources */ = {
			isa = PBXResourcesBuildPhase;
			buildActionMask = 2147483647;
			files = (
				483330E11C9948B900EAFFEC /* LaunchScreen.storyboard in Resources */,
				483330DE1C9948B900EAFFEC /* Assets.xcassets in Resources */,
				489873681C9A699C00D92D85 /* Main.storyboard in Resources */,
			);
			runOnlyForDeploymentPostprocessing = 0;
		};
/* End PBXResourcesBuildPhase section */

/* Begin PBXShellScriptBuildPhase section */
		0561825AB2EA3591E877F048 /* Embed Pods Frameworks */ = {
			isa = PBXShellScriptBuildPhase;
			buildActionMask = 2147483647;
			files = (
			);
			inputPaths = (
			);
			name = "Embed Pods Frameworks";
			outputPaths = (
			);
			runOnlyForDeploymentPostprocessing = 0;
			shellPath = /bin/sh;
			shellScript = "\"${SRCROOT}/Pods/Target Support Files/Pods/Pods-frameworks.sh\"\n";
			showEnvVarsInLog = 0;
		};
		7EC9B06A5205F5BCB72C2836 /* Copy Pods Resources */ = {
			isa = PBXShellScriptBuildPhase;
			buildActionMask = 2147483647;
			files = (
			);
			inputPaths = (
			);
			name = "Copy Pods Resources";
			outputPaths = (
			);
			runOnlyForDeploymentPostprocessing = 0;
			shellPath = /bin/sh;
			shellScript = "\"${SRCROOT}/Pods/Target Support Files/Pods/Pods-resources.sh\"\n";
			showEnvVarsInLog = 0;
		};
		9178240D27395627913E84D2 /* Check Pods Manifest.lock */ = {
			isa = PBXShellScriptBuildPhase;
			buildActionMask = 2147483647;
			files = (
			);
			inputPaths = (
			);
			name = "Check Pods Manifest.lock";
			outputPaths = (
			);
			runOnlyForDeploymentPostprocessing = 0;
			shellPath = /bin/sh;
			shellScript = "diff \"${PODS_ROOT}/../Podfile.lock\" \"${PODS_ROOT}/Manifest.lock\" > /dev/null\nif [[ $? != 0 ]] ; then\n    cat << EOM\nerror: The sandbox is not in sync with the Podfile.lock. Run 'pod install' or update your CocoaPods installation.\nEOM\n    exit 1\nfi\n";
			showEnvVarsInLog = 0;
		};
/* End PBXShellScriptBuildPhase section */

/* Begin PBXSourcesBuildPhase section */
		483330CF1C9948B900EAFFEC /* Sources */ = {
			isa = PBXSourcesBuildPhase;
			buildActionMask = 2147483647;
			files = (
				489873661C99991500D92D85 /* Task.swift in Sources */,
				48265AB01C9D479500DAED23 /* Category.swift in Sources */,
				489873641C99921600D92D85 /* InputViewController.swift in Sources */,
				483330D91C9948B900EAFFEC /* ViewController.swift in Sources */,
				483330D71C9948B900EAFFEC /* AppDelegate.swift in Sources */,
				48265AD01C9D577100DAED23 /* CategoryInputViewController.swift in Sources */,
			);
			runOnlyForDeploymentPostprocessing = 0;
		};
/* End PBXSourcesBuildPhase section */

/* Begin PBXVariantGroup section */
		483330DF1C9948B900EAFFEC /* LaunchScreen.storyboard */ = {
			isa = PBXVariantGroup;
			children = (
				483330E01C9948B900EAFFEC /* Base */,
			);
			name = LaunchScreen.storyboard;
			sourceTree = "<group>";
		};
/* End PBXVariantGroup section */

/* Begin XCBuildConfiguration section */
		483330E31C9948B900EAFFEC /* Debug */ = {
			isa = XCBuildConfiguration;
			buildSettings = {
				ALWAYS_SEARCH_USER_PATHS = NO;
				CLANG_CXX_LANGUAGE_STANDARD = "gnu++0x";
				CLANG_CXX_LIBRARY = "libc++";
				CLANG_ENABLE_MODULES = YES;
				CLANG_ENABLE_OBJC_ARC = YES;
				CLANG_WARN_BOOL_CONVERSION = YES;
				CLANG_WARN_CONSTANT_CONVERSION = YES;
				CLANG_WARN_DIRECT_OBJC_ISA_USAGE = YES_ERROR;
				CLANG_WARN_EMPTY_BODY = YES;
				CLANG_WARN_ENUM_CONVERSION = YES;
				CLANG_WARN_INT_CONVERSION = YES;
				CLANG_WARN_OBJC_ROOT_CLASS = YES_ERROR;
				CLANG_WARN_UNREACHABLE_CODE = YES;
				CLANG_WARN__DUPLICATE_METHOD_MATCH = YES;
				"CODE_SIGN_IDENTITY[sdk=iphoneos*]" = "iPhone Developer";
				COPY_PHASE_STRIP = NO;
				DEBUG_INFORMATION_FORMAT = dwarf;
				ENABLE_STRICT_OBJC_MSGSEND = YES;
				ENABLE_TESTABILITY = YES;
				GCC_C_LANGUAGE_STANDARD = gnu99;
				GCC_DYNAMIC_NO_PIC = NO;
				GCC_NO_COMMON_BLOCKS = YES;
				GCC_OPTIMIZATION_LEVEL = 0;
				GCC_PREPROCESSOR_DEFINITIONS = (
					"DEBUG=1",
					"$(inherited)",
				);
				GCC_WARN_64_TO_32_BIT_CONVERSION = YES;
				GCC_WARN_ABOUT_RETURN_TYPE = YES_ERROR;
				GCC_WARN_UNDECLARED_SELECTOR = YES;
				GCC_WARN_UNINITIALIZED_AUTOS = YES_AGGRESSIVE;
				GCC_WARN_UNUSED_FUNCTION = YES;
				GCC_WARN_UNUSED_VARIABLE = YES;
				IPHONEOS_DEPLOYMENT_TARGET = 9.2;
				MTL_ENABLE_DEBUG_INFO = YES;
				ONLY_ACTIVE_ARCH = YES;
				SDKROOT = iphoneos;
				SWIFT_OPTIMIZATION_LEVEL = "-Onone";
			};
			name = Debug;
		};
		483330E41C9948B900EAFFEC /* Release */ = {
			isa = XCBuildConfiguration;
			buildSettings = {
				ALWAYS_SEARCH_USER_PATHS = NO;
				CLANG_CXX_LANGUAGE_STANDARD = "gnu++0x";
				CLANG_CXX_LIBRARY = "libc++";
				CLANG_ENABLE_MODULES = YES;
				CLANG_ENABLE_OBJC_ARC = YES;
				CLANG_WARN_BOOL_CONVERSION = YES;
				CLANG_WARN_CONSTANT_CONVERSION = YES;
				CLANG_WARN_DIRECT_OBJC_ISA_USAGE = YES_ERROR;
				CLANG_WARN_EMPTY_BODY = YES;
				CLANG_WARN_ENUM_CONVERSION = YES;
				CLANG_WARN_INT_CONVERSION = YES;
				CLANG_WARN_OBJC_ROOT_CLASS = YES_ERROR;
				CLANG_WARN_UNREACHABLE_CODE = YES;
				CLANG_WARN__DUPLICATE_METHOD_MATCH = YES;
				"CODE_SIGN_IDENTITY[sdk=iphoneos*]" = "iPhone Developer";
				COPY_PHASE_STRIP = NO;
				DEBUG_INFORMATION_FORMAT = "dwarf-with-dsym";
				ENABLE_NS_ASSERTIONS = NO;
				ENABLE_STRICT_OBJC_MSGSEND = YES;
				GCC_C_LANGUAGE_STANDARD = gnu99;
				GCC_NO_COMMON_BLOCKS = YES;
				GCC_WARN_64_TO_32_BIT_CONVERSION = YES;
				GCC_WARN_ABOUT_RETURN_TYPE = YES_ERROR;
				GCC_WARN_UNDECLARED_SELECTOR = YES;
				GCC_WARN_UNINITIALIZED_AUTOS = YES_AGGRESSIVE;
				GCC_WARN_UNUSED_FUNCTION = YES;
				GCC_WARN_UNUSED_VARIABLE = YES;
				IPHONEOS_DEPLOYMENT_TARGET = 9.2;
				MTL_ENABLE_DEBUG_INFO = NO;
				SDKROOT = iphoneos;
				VALIDATE_PRODUCT = YES;
			};
			name = Release;
		};
		483330E61C9948B900EAFFEC /* Debug */ = {
			isa = XCBuildConfiguration;
			baseConfigurationReference = 14DF2421D06DCE331435759D /* Pods.debug.xcconfig */;
			buildSettings = {
				ASSETCATALOG_COMPILER_APPICON_NAME = AppIcon;
				CODE_SIGN_IDENTITY = "iPhone Developer";
				"CODE_SIGN_IDENTITY[sdk=iphoneos*]" = "iPhone Developer";
				INFOPLIST_FILE = taskapp/Info.plist;
				LD_RUNPATH_SEARCH_PATHS = "$(inherited) @executable_path/Frameworks";
				PRODUCT_BUNDLE_IDENTIFIER = jp.techacademy.hiroko.shiiba.taskapp;
				PRODUCT_NAME = "$(TARGET_NAME)";
				PROVISIONING_PROFILE = "";
			};
			name = Debug;
		};
		483330E71C9948B900EAFFEC /* Release */ = {
			isa = XCBuildConfiguration;
			baseConfigurationReference = 7A750547C48A22776850E3C0 /* Pods.release.xcconfig */;
			buildSettings = {
				ASSETCATALOG_COMPILER_APPICON_NAME = AppIcon;
				CODE_SIGN_IDENTITY = "iPhone Developer";
				"CODE_SIGN_IDENTITY[sdk=iphoneos*]" = "iPhone Developer";
				INFOPLIST_FILE = taskapp/Info.plist;
				LD_RUNPATH_SEARCH_PATHS = "$(inherited) @executable_path/Frameworks";
				PRODUCT_BUNDLE_IDENTIFIER = jp.techacademy.hiroko.shiiba.taskapp;
				PRODUCT_NAME = "$(TARGET_NAME)";
				PROVISIONING_PROFILE = "";
			};
			name = Release;
		};
/* End XCBuildConfiguration section */

/* Begin XCConfigurationList section */
		483330CE1C9948B900EAFFEC /* Build configuration list for PBXProject "taskapp" */ = {
			isa = XCConfigurationList;
			buildConfigurations = (
				483330E31C9948B900EAFFEC /* Debug */,
				483330E41C9948B900EAFFEC /* Release */,
			);
			defaultConfigurationIsVisible = 0;
			defaultConfigurationName = Release;
		};
		483330E51C9948B900EAFFEC /* Build configuration list for PBXNativeTarget "taskapp" */ = {
			isa = XCConfigurationList;
			buildConfigurations = (
				483330E61C9948B900EAFFEC /* Debug */,
				483330E71C9948B900EAFFEC /* Release */,
			);
			defaultConfigurationIsVisible = 0;
			defaultConfigurationName = Release;
		};
/* End XCConfigurationList section */
	};
	rootObject = 483330CB1C9948B900EAFFEC /* Project object */;
}
